
Microsoft Visual Studio Solution File, Format Version 12.00
Project("{FAE04EC0-301F-11D3-BF4B-00C04F79EFBC}") = "WormsWorld", "WormsWorld\WormsWorld.csproj", "{267AE2D2-F615-4E8E-9F74-CAF8BB87C59F}"
EndProject
Project("{FAE04EC0-301F-11D3-BF4B-00C04F79EFBC}") = "WormsWorldTest", "WormsWorldTest\WormsWorldTest.csproj", "{F9BD49EC-96D8-4829-901A-976FEBEE0744}"
EndProject
Global
	GlobalSection(SolutionConfigurationPlatforms) = preSolution
		Debug|Any CPU = Debug|Any CPU
		Release|Any CPU = Release|Any CPU
	EndGlobalSection
	GlobalSection(ProjectConfigurationPlatforms) = postSolution
		{267AE2D2-F615-4E8E-9F74-CAF8BB87C59F}.Debug|Any CPU.ActiveCfg = Debug|Any CPU
		{267AE2D2-F615-4E8E-9F74-CAF8BB87C59F}.Debug|Any CPU.Build.0 = Debug|Any CPU
		{267AE2D2-F615-4E8E-9F74-CAF8BB87C59F}.Release|Any CPU.ActiveCfg = Release|Any CPU
		{267AE2D2-F615-4E8E-9F74-CAF8BB87C59F}.Release|Any CPU.Build.0 = Release|Any CPU
		{F9BD49EC-96D8-4829-901A-976FEBEE0744}.Debug|Any CPU.ActiveCfg = Debug|Any CPU
		{F9BD49EC-96D8-4829-901A-976FEBEE0744}.Debug|Any CPU.Build.0 = Debug|Any CPU
		{F9BD49EC-96D8-4829-901A-976FEBEE0744}.Release|Any CPU.ActiveCfg = Release|Any CPU
		{F9BD49EC-96D8-4829-901A-976FEBEE0744}.Release|Any CPU.Build.0 = Release|Any CPU
	EndGlobalSection
EndGlobal
